dependencies:
  espressif__led_strip:
    component_hash: null
    source:
      path: K:\ESP-IDF\PROJECT\Unit_test\blink\components\espressif__led_strip
      type: local
    version: 2.4.3
  idf:
    component_hash: null
    source:
      type: idf
    version: 5.1.1
manifest_hash: 3faad88a92efb5d008b4703b0a0e56c981ac4f997d6ac3d3872e1ab1dd87bdad
target: esp32
version: 1.0.0
